
Microsoft Visual Studio Solution File, Format Version 12.00
# Visual Studio Version 17
VisualStudioVersion = 17.5.002.0
MinimumVisualStudioVersion = 10.0.40219.1
Project("{9A19103F-16F7-4668-BE54-9A1E7A4F7556}") = "AppERP", "AppERP.csproj", "{BAEEB654-8D80-4776-B379-9D1199A0FFAD}"
EndProject
Global
	GlobalSection(SolutionConfigurationPlatforms) = preSolution
		Debug|Any CPU = Debug|Any CPU
		Release|Any CPU = Release|Any CPU
	EndGlobalSection
	GlobalSection(ProjectConfigurationPlatforms) = postSolution
		{BAEEB654-8D80-4776-B379-9D1199A0FFAD}.Debug|Any CPU.ActiveCfg = Debug|Any CPU
		{BAEEB654-8D80-4776-B379-9D1199A0FFAD}.Debug|Any CPU.Build.0 = Debug|Any CPU
		{BAEEB654-8D80-4776-B379-9D1199A0FFAD}.Release|Any CPU.ActiveCfg = Release|Any CPU
		{BAEEB654-8D80-4776-B379-9D1199A0FFAD}.Release|Any CPU.Build.0 = Release|Any CPU
	EndGlobalSection
	GlobalSection(SolutionProperties) = preSolution
		HideSolutionNode = FALSE
	EndGlobalSection
	GlobalSection(ExtensibilityGlobals) = postSolution
		SolutionGuid = {39CB1100-9FD5-417A-A01F-4C7760B27932}
	EndGlobalSection
EndGlobal
